// !$*UTF8*$!
{
	archiveVersion = 1;
	classes = {
	};
	objectVersion = 46;
	objects = {

/* Begin PBXBuildFile section */
		4653AA1A1E53C50D00790B60 /* AppDelegate.swift in Sources */ = {isa = PBXBuildFile; fileRef = 4653AA191E53C50D00790B60 /* AppDelegate.swift */; };
		4653AA1F1E53C50D00790B60 /* Main.storyboard in Resources */ = {isa = PBXBuildFile; fileRef = 4653AA1D1E53C50D00790B60 /* Main.storyboard */; };
		4653AA211E53C50D00790B60 /* Assets.xcassets in Resources */ = {isa = PBXBuildFile; fileRef = 4653AA201E53C50D00790B60 /* Assets.xcassets */; };
		4653AA241E53C50D00790B60 /* LaunchScreen.storyboard in Resources */ = {isa = PBXBuildFile; fileRef = 4653AA221E53C50D00790B60 /* LaunchScreen.storyboard */; };
		4653AA2F1E53C50D00790B60 /* YelpCloneTests.swift in Sources */ = {isa = PBXBuildFile; fileRef = 4653AA2E1E53C50D00790B60 /* YelpCloneTests.swift */; };
		4653AA3A1E53C50D00790B60 /* YelpCloneUITests.swift in Sources */ = {isa = PBXBuildFile; fileRef = 4653AA391E53C50D00790B60 /* YelpCloneUITests.swift */; };
		46BC95401E58F7A900C4687E /* MainViewController.swift in Sources */ = {isa = PBXBuildFile; fileRef = 46BC953F1E58F7A900C4687E /* MainViewController.swift */; };
		46BC95451E58FBBD00C4687E /* BusinessCell.swift in Sources */ = {isa = PBXBuildFile; fileRef = 46BC95441E58FBBD00C4687E /* BusinessCell.swift */; };
		46BC95471E58FBD700C4687E /* Business.swift in Sources */ = {isa = PBXBuildFile; fileRef = 46BC95461E58FBD700C4687E /* Business.swift */; };
/* End PBXBuildFile section */

/* Begin PBXContainerItemProxy section */
		4653AA2B1E53C50D00790B60 /* PBXContainerItemProxy */ = {
			isa = PBXContainerItemProxy;
			containerPortal = 4653AA0E1E53C50D00790B60 /* Project object */;
			proxyType = 1;
			remoteGlobalIDString = 4653AA151E53C50D00790B60;
			remoteInfo = YelpClone;
		};
		4653AA361E53C50D00790B60 /* PBXContainerItemProxy */ = {
			isa = PBXContainerItemProxy;
			containerPortal = 4653AA0E1E53C50D00790B60 /* Project object */;
			proxyType = 1;
			remoteGlobalIDString = 4653AA151E53C50D00790B60;
			remoteInfo = YelpClone;
		};
/* End PBXContainerItemProxy section */

/* Begin PBXFileReference section */
		4653AA161E53C50D00790B60 /* YelpClone.app */ = {isa = PBXFileReference; explicitFileType = wrapper.application; includeInIndex = 0; path = YelpClone.app; sourceTree = BUILT_PRODUCTS_DIR; };
		4653AA191E53C50D00790B60 /* AppDelegate.swift */ = {isa = PBXFileReference; lastKnownFileType = sourcecode.swift; path = AppDelegate.swift; sourceTree = "<group>"; };
		4653AA1E1E53C50D00790B60 /* Base */ = {isa = PBXFileReference; lastKnownFileType = file.storyboard; name = Base; path = Base.lproj/Main.storyboard; sourceTree = "<group>"; };
		4653AA201E53C50D00790B60 /* Assets.xcassets */ = {isa = PBXFileReference; lastKnownFileType = folder.assetcatalog; path = Assets.xcassets; sourceTree = "<group>"; };
		4653AA231E53C50D00790B60 /* Base */ = {isa = PBXFileReference; lastKnownFileType = file.storyboard; name = Base; path = Base.lproj/LaunchScreen.storyboard; sourceTree = "<group>"; };
		4653AA251E53C50D00790B60 /* Info.plist */ = {isa = PBXFileReference; lastKnownFileType = text.plist.xml; path = Info.plist; sourceTree = "<group>"; };
		4653AA2A1E53C50D00790B60 /* YelpCloneTests.xctest */ = {isa = PBXFileReference; explicitFileType = wrapper.cfbundle; includeInIndex = 0; path = YelpCloneTests.xctest; sourceTree = BUILT_PRODUCTS_DIR; };
		4653AA2E1E53C50D00790B60 /* YelpCloneTests.swift */ = {isa = PBXFileReference; lastKnownFileType = sourcecode.swift; path = YelpCloneTests.swift; sourceTree = "<group>"; };
		4653AA301E53C50D00790B60 /* Info.plist */ = {isa = PBXFileReference; lastKnownFileType = text.plist.xml; path = Info.plist; sourceTree = "<group>"; };
		4653AA351E53C50D00790B60 /* YelpCloneUITests.xctest */ = {isa = PBXFileReference; explicitFileType = wrapper.cfbundle; includeInIndex = 0; path = YelpCloneUITests.xctest; sourceTree = BUILT_PRODUCTS_DIR; };
		4653AA391E53C50D00790B60 /* YelpCloneUITests.swift */ = {isa = PBXFileReference; lastKnownFileType = sourcecode.swift; path = YelpCloneUITests.swift; sourceTree = "<group>"; };
		4653AA3B1E53C50D00790B60 /* Info.plist */ = {isa = PBXFileReference; lastKnownFileType = text.plist.xml; path = Info.plist; sourceTree = "<group>"; };
		46BC953F1E58F7A900C4687E /* MainViewController.swift */ = {isa = PBXFileReference; fileEncoding = 4; lastKnownFileType = sourcecode.swift; path = MainViewController.swift; sourceTree = "<group>"; };
		46BC95441E58FBBD00C4687E /* BusinessCell.swift */ = {isa = PBXFileReference; fileEncoding = 4; lastKnownFileType = sourcecode.swift; path = BusinessCell.swift; sourceTree = "<group>"; };
		46BC95461E58FBD700C4687E /* Business.swift */ = {isa = PBXFileReference; fileEncoding = 4; lastKnownFileType = sourcecode.swift; path = Business.swift; sourceTree = "<group>"; };
/* End PBXFileReference section */

/* Begin PBXFrameworksBuildPhase section */
		4653AA131E53C50D00790B60 /* Frameworks */ = {
			isa = PBXFrameworksBuildPhase;
			buildActionMask = 2147483647;
			files = (
			);
			runOnlyForDeploymentPostprocessing = 0;
		};
		4653AA271E53C50D00790B60 /* Frameworks */ = {
			isa = PBXFrameworksBuildPhase;
			buildActionMask = 2147483647;
			files = (
			);
			runOnlyForDeploymentPostprocessing = 0;
		};
		4653AA321E53C50D00790B60 /* Frameworks */ = {
			isa = PBXFrameworksBuildPhase;
			buildActionMask = 2147483647;
			files = (
			);
			runOnlyForDeploymentPostprocessing = 0;
		};
/* End PBXFrameworksBuildPhase section */

/* Begin PBXGroup section */
		4653AA0D1E53C50D00790B60 = {
			isa = PBXGroup;
			children = (
				4653AA181E53C50D00790B60 /* YelpClone */,
				4653AA2D1E53C50D00790B60 /* YelpCloneTests */,
				4653AA381E53C50D00790B60 /* YelpCloneUITests */,
				4653AA171E53C50D00790B60 /* Products */,
			);
			sourceTree = "<group>";
		};
		4653AA171E53C50D00790B60 /* Products */ = {
			isa = PBXGroup;
			children = (
				4653AA161E53C50D00790B60 /* YelpClone.app */,
				4653AA2A1E53C50D00790B60 /* YelpCloneTests.xctest */,
				4653AA351E53C50D00790B60 /* YelpCloneUITests.xctest */,
			);
			name = Products;
			sourceTree = "<group>";
		};
		4653AA181E53C50D00790B60 /* YelpClone */ = {
			isa = PBXGroup;
			children = (
				46BC95411E58F7AF00C4687E /* ViewControllers */,
				46BC95431E58FB8900C4687E /* Views */,
				46BC95421E58FB8200C4687E /* Models */,
				4653AA191E53C50D00790B60 /* AppDelegate.swift */,
				4653AA1D1E53C50D00790B60 /* Main.storyboard */,
				4653AA201E53C50D00790B60 /* Assets.xcassets */,
				4653AA221E53C50D00790B60 /* LaunchScreen.storyboard */,
				4653AA251E53C50D00790B60 /* Info.plist */,
			);
			path = YelpClone;
			sourceTree = "<group>";
		};
		4653AA2D1E53C50D00790B60 /* YelpCloneTests */ = {
			isa = PBXGroup;
			children = (
				4653AA2E1E53C50D00790B60 /* YelpCloneTests.swift */,
				4653AA301E53C50D00790B60 /* Info.plist */,
			);
			path = YelpCloneTests;
			sourceTree = "<group>";
		};
		4653AA381E53C50D00790B60 /* YelpCloneUITests */ = {
			isa = PBXGroup;
			children = (
				4653AA391E53C50D00790B60 /* YelpCloneUITests.swift */,
				4653AA3B1E53C50D00790B60 /* Info.plist */,
			);
			path = YelpCloneUITests;
			sourceTree = "<group>";
		};
		46BC95411E58F7AF00C4687E /* ViewControllers */ = {
			isa = PBXGroup;
			children = (
				46BC953F1E58F7A900C4687E /* MainViewController.swift */,
			);
			name = ViewControllers;
			sourceTree = "<group>";
		};
		46BC95421E58FB8200C4687E /* Models */ = {
			isa = PBXGroup;
			children = (
				46BC95461E58FBD700C4687E /* Business.swift */,
			);
			name = Models;
			sourceTree = "<group>";
		};
		46BC95431E58FB8900C4687E /* Views */ = {
			isa = PBXGroup;
			children = (
				46BC95441E58FBBD00C4687E /* BusinessCell.swift */,
			);
			name = Views;
			sourceTree = "<group>";
		};
/* End PBXGroup section */

/* Begin PBXNativeTarget section */
		4653AA151E53C50D00790B60 /* YelpClone */ = {
			isa = PBXNativeTarget;
			buildConfigurationList = 4653AA3E1E53C50D00790B60 /* Build configuration list for PBXNativeTarget "YelpClone" */;
			buildPhases = (
				4653AA121E53C50D00790B60 /* Sources */,
				4653AA131E53C50D00790B60 /* Frameworks */,
				4653AA141E53C50D00790B60 /* Resources */,
			);
			buildRules = (
			);
			dependencies = (
			);
			name = YelpClone;
			productName = YelpClone;
			productReference = 4653AA161E53C50D00790B60 /* YelpClone.app */;
			productType = "com.apple.product-type.application";
		};
		4653AA291E53C50D00790B60 /* YelpCloneTests */ = {
			isa = PBXNativeTarget;
			buildConfigurationList = 4653AA411E53C50D00790B60 /* Build configuration list for PBXNativeTarget "YelpCloneTests" */;
			buildPhases = (
				4653AA261E53C50D00790B60 /* Sources */,
				4653AA271E53C50D00790B60 /* Frameworks */,
				4653AA281E53C50D00790B60 /* Resources */,
			);
			buildRules = (
			);
			dependencies = (
				4653AA2C1E53C50D00790B60 /* PBXTargetDependency */,
			);
			name = YelpCloneTests;
			productName = YelpCloneTests;
			productReference = 4653AA2A1E53C50D00790B60 /* YelpCloneTests.xctest */;
			productType = "com.apple.product-type.bundle.unit-test";
		};
		4653AA341E53C50D00790B60 /* YelpCloneUITests */ = {
			isa = PBXNativeTarget;
			buildConfigurationList = 4653AA441E53C50D00790B60 /* Build configuration list for PBXNativeTarget "YelpCloneUITests" */;
			buildPhases = (
				4653AA311E53C50D00790B60 /* Sources */,
				4653AA321E53C50D00790B60 /* Frameworks */,
				4653AA331E53C50D00790B60 /* Resources */,
			);
			buildRules = (
			);
			dependencies = (
				4653AA371E53C50D00790B60 /* PBXTargetDependency */,
			);
			name = YelpCloneUITests;
			productName = YelpCloneUITests;
			productReference = 4653AA351E53C50D00790B60 /* YelpCloneUITests.xctest */;
			productType = "com.apple.product-type.bundle.ui-testing";
		};
/* End PBXNativeTarget section */

/* Begin PBXProject section */
		4653AA0E1E53C50D00790B60 /* Project object */ = {
			isa = PBXProject;
			attributes = {
				LastSwiftUpdateCheck = 0820;
				LastUpgradeCheck = 0820;
				ORGANIZATIONNAME = "Youssef Elabd";
				TargetAttributes = {
					4653AA151E53C50D00790B60 = {
						CreatedOnToolsVersion = 8.2.1;
						ProvisioningStyle = Automatic;
					};
					4653AA291E53C50D00790B60 = {
						CreatedOnToolsVersion = 8.2.1;
						ProvisioningStyle = Automatic;
						TestTargetID = 4653AA151E53C50D00790B60;
					};
					4653AA341E53C50D00790B60 = {
						CreatedOnToolsVersion = 8.2.1;
						ProvisioningStyle = Automatic;
						TestTargetID = 4653AA151E53C50D00790B60;
					};
				};
			};
			buildConfigurationList = 4653AA111E53C50D00790B60 /* Build configuration list for PBXProject "YelpClone" */;
			compatibilityVersion = "Xcode 3.2";
			developmentRegion = English;
			hasScannedForEncodings = 0;
			knownRegions = (
				en,
				Base,
			);
			mainGroup = 4653AA0D1E53C50D00790B60;
			productRefGroup = 4653AA171E53C50D00790B60 /* Products */;
			projectDirPath = "";
			projectRoot = "";
			targets = (
				4653AA151E53C50D00790B60 /* YelpClone */,
				4653AA291E53C50D00790B60 /* YelpCloneTests */,
				4653AA341E53C50D00790B60 /* YelpCloneUITests */,
			);
		};
/* End PBXProject section */

/* Begin PBXResourcesBuildPhase section */
		4653AA141E53C50D00790B60 /* Resources */ = {
			isa = PBXResourcesBuildPhase;
			buildActionMask = 2147483647;
			files = (
				4653AA241E53C50D00790B60 /* LaunchScreen.storyboard in Resources */,
				4653AA211E53C50D00790B60 /* Assets.xcassets in Resources */,
				4653AA1F1E53C50D00790B60 /* Main.storyboard in Resources */,
			);
			runOnlyForDeploymentPostprocessing = 0;
		};
		4653AA281E53C50D00790B60 /* Resources */ = {
			isa = PBXResourcesBuildPhase;
			buildActionMask = 2147483647;
			files = (
			);
			runOnlyForDeploymentPostprocessing = 0;
		};
		4653AA331E53C50D00790B60 /* Resources */ = {
			isa = PBXResourcesBuildPhase;
			buildActionMask = 2147483647;
			files = (
			);
			runOnlyForDeploymentPostprocessing = 0;
		};
/* End PBXResourcesBuildPhase section */

/* Begin PBXSourcesBuildPhase section */
		4653AA121E53C50D00790B60 /* Sources */ = {
			isa = PBXSourcesBuildPhase;
			buildActionMask = 2147483647;
			files = (
				4653AA1A1E53C50D00790B60 /* AppDelegate.swift in Sources */,
				46BC95471E58FBD700C4687E /* Business.swift in Sources */,
				46BC95401E58F7A900C4687E /* MainViewController.swift in Sources */,
				46BC95451E58FBBD00C4687E /* BusinessCell.swift in Sources */,
			);
			runOnlyForDeploymentPostprocessing = 0;
		};
		4653AA261E53C50D00790B60 /* Sources */ = {
			isa = PBXSourcesBuildPhase;
			buildActionMask = 2147483647;
			files = (
				4653AA2F1E53C50D00790B60 /* YelpCloneTests.swift in Sources */,
			);
			runOnlyForDeploymentPostprocessing = 0;
		};
		4653AA311E53C50D00790B60 /* Sources */ = {
			isa = PBXSourcesBuildPhase;
			buildActionMask = 2147483647;
			files = (
				4653AA3A1E53C50D00790B60 /* YelpCloneUITests.swift in Sources */,
			);
			runOnlyForDeploymentPostprocessing = 0;
		};
/* End PBXSourcesBuildPhase section */

/* Begin PBXTargetDependency section */
		4653AA2C1E53C50D00790B60 /* PBXTargetDependency */ = {
			isa = PBXTargetDependency;
			target = 4653AA151E53C50D00790B60 /* YelpClone */;
			targetProxy = 4653AA2B1E53C50D00790B60 /* PBXContainerItemProxy */;
		};
		4653AA371E53C50D00790B60 /* PBXTargetDependency */ = {
			isa = PBXTargetDependency;
			target = 4653AA151E53C50D00790B60 /* YelpClone */;
			targetProxy = 4653AA361E53C50D00790B60 /* PBXContainerItemProxy */;
		};
/* End PBXTargetDependency section */

/* Begin PBXVariantGroup section */
		4653AA1D1E53C50D00790B60 /* Main.storyboard */ = {
			isa = PBXVariantGroup;
			children = (
				4653AA1E1E53C50D00790B60 /* Base */,
			);
			name = Main.storyboard;
			sourceTree = "<group>";
		};
		4653AA221E53C50D00790B60 /* LaunchScreen.storyboard */ = {
			isa = PBXVariantGroup;
			children = (
				4653AA231E53C50D00790B60 /* Base */,
			);
			name = LaunchScreen.storyboard;
			sourceTree = "<group>";
		};
/* End PBXVariantGroup section */

/* Begin XCBuildConfiguration section */
		4653AA3C1E53C50D00790B60 /* Debug */ = {
			isa = XCBuildConfiguration;
			buildSettings = {
				ALWAYS_SEARCH_USER_PATHS = NO;
				CLANG_ANALYZER_NONNULL = YES;
				CLANG_CXX_LANGUAGE_STANDARD = "gnu++0x";
				CLANG_CXX_LIBRARY = "libc++";
				CLANG_ENABLE_MODULES = YES;
				CLANG_ENABLE_OBJC_ARC = YES;
				CLANG_WARN_BOOL_CONVERSION = YES;
				CLANG_WARN_CONSTANT_CONVERSION = YES;
				CLANG_WARN_DIRECT_OBJC_ISA_USAGE = YES_ERROR;
				CLANG_WARN_DOCUMENTATION_COMMENTS = YES;
				CLANG_WARN_EMPTY_BODY = YES;
				CLANG_WARN_ENUM_CONVERSION = YES;
				CLANG_WARN_INFINITE_RECURSION = YES;
				CLANG_WARN_INT_CONVERSION = YES;
				CLANG_WARN_OBJC_ROOT_CLASS = YES_ERROR;
				CLANG_WARN_SUSPICIOUS_MOVE = YES;
				CLANG_WARN_UNREACHABLE_CODE = YES;
				CLANG_WARN__DUPLICATE_METHOD_MATCH = YES;
				"CODE_SIGN_IDENTITY[sdk=iphoneos*]" = "iPhone Developer";
				COPY_PHASE_STRIP = NO;
				DEBUG_INFORMATION_FORMAT = dwarf;
				ENABLE_STRICT_OBJC_MSGSEND = YES;
				ENABLE_TESTABILITY = YES;
				GCC_C_LANGUAGE_STANDARD = gnu99;
				GCC_DYNAMIC_NO_PIC = NO;
				GCC_NO_COMMON_BLOCKS = YES;
				GCC_OPTIMIZATION_LEVEL = 0;
				GCC_PREPROCESSOR_DEFINITIONS = (
					"DEBUG=1",
					"$(inherited)",
				);
				GCC_WARN_64_TO_32_BIT_CONVERSION = YES;
				GCC_WARN_ABOUT_RETURN_TYPE = YES_ERROR;
				GCC_WARN_UNDECLARED_SELECTOR = YES;
				GCC_WARN_UNINITIALIZED_AUTOS = YES_AGGRESSIVE;
				GCC_WARN_UNUSED_FUNCTION = YES;
				GCC_WARN_UNUSED_VARIABLE = YES;
				IPHONEOS_DEPLOYMENT_TARGET = 10.2;
				MTL_ENABLE_DEBUG_INFO = YES;
				ONLY_ACTIVE_ARCH = YES;
				SDKROOT = iphoneos;
				SWIFT_ACTIVE_COMPILATION_CONDITIONS = DEBUG;
				SWIFT_OPTIMIZATION_LEVEL = "-Onone";
			};
			name = Debug;
		};
		4653AA3D1E53C50D00790B60 /* Release */ = {
			isa = XCBuildConfiguration;
			buildSettings = {
				ALWAYS_SEARCH_USER_PATHS = NO;
				CLANG_ANALYZER_NONNULL = YES;
				CLANG_CXX_LANGUAGE_STANDARD = "gnu++0x";
				CLANG_CXX_LIBRARY = "libc++";
				CLANG_ENABLE_MODULES = YES;
				CLANG_ENABLE_OBJC_ARC = YES;
				CLANG_WARN_BOOL_CONVERSION = YES;
				CLANG_WARN_CONSTANT_CONVERSION = YES;
				CLANG_WARN_DIRECT_OBJC_ISA_USAGE = YES_ERROR;
				CLANG_WARN_DOCUMENTATION_COMMENTS = YES;
				CLANG_WARN_EMPTY_BODY = YES;
				CLANG_WARN_ENUM_CONVERSION = YES;
				CLANG_WARN_INFINITE_RECURSION = YES;
				CLANG_WARN_INT_CONVERSION = YES;
				CLANG_WARN_OBJC_ROOT_CLASS = YES_ERROR;
				CLANG_WARN_SUSPICIOUS_MOVE = YES;
				CLANG_WARN_UNREACHABLE_CODE = YES;
				CLANG_WARN__DUPLICATE_METHOD_MATCH = YES;
				"CODE_SIGN_IDENTITY[sdk=iphoneos*]" = "iPhone Developer";
				COPY_PHASE_STRIP = NO;
				DEBUG_INFORMATION_FORMAT = "dwarf-with-dsym";
				ENABLE_NS_ASSERTIONS = NO;
				ENABLE_STRICT_OBJC_MSGSEND = YES;
				GCC_C_LANGUAGE_STANDARD = gnu99;
				GCC_NO_COMMON_BLOCKS = YES;
				GCC_WARN_64_TO_32_BIT_CONVERSION = YES;
				GCC_WARN_ABOUT_RETURN_TYPE = YES_ERROR;
				GCC_WARN_UNDECLARED_SELECTOR = YES;
				GCC_WARN_UNINITIALIZED_AUTOS = YES_AGGRESSIVE;
				GCC_WARN_UNUSED_FUNCTION = YES;
				GCC_WARN_UNUSED_VARIABLE = YES;
				IPHONEOS_DEPLOYMENT_TARGET = 10.2;
				MTL_ENABLE_DEBUG_INFO = NO;
				SDKROOT = iphoneos;
				SWIFT_OPTIMIZATION_LEVEL = "-Owholemodule";
				VALIDATE_PRODUCT = YES;
			};
			name = Release;
		};
		4653AA3F1E53C50D00790B60 /* Debug */ = {
			isa = XCBuildConfiguration;
			buildSettings = {
				ASSETCATALOG_COMPILER_APPICON_NAME = AppIcon;
				INFOPLIST_FILE = YelpClone/Info.plist;
				LD_RUNPATH_SEARCH_PATHS = "$(inherited) @executable_path/Frameworks";
				PRODUCT_BUNDLE_IDENTIFIER = youssefelabd.com.YelpClone;
				PRODUCT_NAME = "$(TARGET_NAME)";
				SWIFT_VERSION = 3.0;
			};
			name = Debug;
		};
		4653AA401E53C50D00790B60 /* Release */ = {
			isa = XCBuildConfiguration;
			buildSettings = {
				ASSETCATALOG_COMPILER_APPICON_NAME = AppIcon;
				INFOPLIST_FILE = YelpClone/Info.plist;
				LD_RUNPATH_SEARCH_PATHS = "$(inherited) @executable_path/Frameworks";
				PRODUCT_BUNDLE_IDENTIFIER = youssefelabd.com.YelpClone;
				PRODUCT_NAME = "$(TARGET_NAME)";
				SWIFT_VERSION = 3.0;
			};
			name = Release;
		};
		4653AA421E53C50D00790B60 /* Debug */ = {
			isa = XCBuildConfiguration;
			buildSettings = {
				ALWAYS_EMBED_SWIFT_STANDARD_LIBRARIES = YES;
				BUNDLE_LOADER = "$(TEST_HOST)";
				INFOPLIST_FILE = YelpCloneTests/Info.plist;
				LD_RUNPATH_SEARCH_PATHS = "$(inherited) @executable_path/Frameworks @loader_path/Frameworks";
				PRODUCT_BUNDLE_IDENTIFIER = youssefelabd.com.YelpCloneTests;
				PRODUCT_NAME = "$(TARGET_NAME)";
				SWIFT_VERSION = 3.0;
				TEST_HOST = "$(BUILT_PRODUCTS_DIR)/YelpClone.app/YelpClone";
			};
			name = Debug;
		};
		4653AA431E53C50D00790B60 /* Release */ = {
			isa = XCBuildConfiguration;
			buildSettings = {
				ALWAYS_EMBED_SWIFT_STANDARD_LIBRARIES = YES;
				BUNDLE_LOADER = "$(TEST_HOST)";
				INFOPLIST_FILE = YelpCloneTests/Info.plist;
				LD_RUNPATH_SEARCH_PATHS = "$(inherited) @executable_path/Frameworks @loader_path/Frameworks";
				PRODUCT_BUNDLE_IDENTIFIER = youssefelabd.com.YelpCloneTests;
				PRODUCT_NAME = "$(TARGET_NAME)";
				SWIFT_VERSION = 3.0;
				TEST_HOST = "$(BUILT_PRODUCTS_DIR)/YelpClone.app/YelpClone";
			};
			name = Release;
		};
		4653AA451E53C50D00790B60 /* Debug */ = {
			isa = XCBuildConfiguration;
			buildSettings = {
				ALWAYS_EMBED_SWIFT_STANDARD_LIBRARIES = YES;
				INFOPLIST_FILE = YelpCloneUITests/Info.plist;
				LD_RUNPATH_SEARCH_PATHS = "$(inherited) @executable_path/Frameworks @loader_path/Frameworks";
				PRODUCT_BUNDLE_IDENTIFIER = youssefelabd.com.YelpCloneUITests;
				PRODUCT_NAME = "$(TARGET_NAME)";
				SWIFT_VERSION = 3.0;
				TEST_TARGET_NAME = YelpClone;
			};
			name = Debug;
		};
		4653AA461E53C50D00790B60 /* Release */ = {
			isa = XCBuildConfiguration;
			buildSettings = {
				ALWAYS_EMBED_SWIFT_STANDARD_LIBRARIES = YES;
				INFOPLIST_FILE = YelpCloneUITests/Info.plist;
				LD_RUNPATH_SEARCH_PATHS = "$(inherited) @executable_path/Frameworks @loader_path/Frameworks";
				PRODUCT_BUNDLE_IDENTIFIER = youssefelabd.com.YelpCloneUITests;
				PRODUCT_NAME = "$(TARGET_NAME)";
				SWIFT_VERSION = 3.0;
				TEST_TARGET_NAME = YelpClone;
			};
			name = Release;
		};
/* End XCBuildConfiguration section */

/* Begin XCConfigurationList section */
		4653AA111E53C50D00790B60 /* Build configuration list for PBXProject "YelpClone" */ = {
			isa = XCConfigurationList;
			buildConfigurations = (
				4653AA3C1E53C50D00790B60 /* Debug */,
				4653AA3D1E53C50D00790B60 /* Release */,
			);
			defaultConfigurationIsVisible = 0;
			defaultConfigurationName = Release;
		};
		4653AA3E1E53C50D00790B60 /* Build configuration list for PBXNativeTarget "YelpClone" */ = {
			isa = XCConfigurationList;
			buildConfigurations = (
				4653AA3F1E53C50D00790B60 /* Debug */,
				4653AA401E53C50D00790B60 /* Release */,
			);
			defaultConfigurationIsVisible = 0;
			defaultConfigurationName = Release;
		};
		4653AA411E53C50D00790B60 /* Build configuration list for PBXNativeTarget "YelpCloneTests" */ = {
			isa = XCConfigurationList;
			buildConfigurations = (
				4653AA421E53C50D00790B60 /* Debug */,
				4653AA431E53C50D00790B60 /* Release */,
			);
			defaultConfigurationIsVisible = 0;
			defaultConfigurationName = Release;
		};
		4653AA441E53C50D00790B60 /* Build configuration list for PBXNativeTarget "YelpCloneUITests" */ = {
			isa = XCConfigurationList;
			buildConfigurations = (
				4653AA451E53C50D00790B60 /* Debug */,
				4653AA461E53C50D00790B60 /* Release */,
			);
			defaultConfigurationIsVisible = 0;
			defaultConfigurationName = Release;
		};
/* End XCConfigurationList section */
	};
	rootObject = 4653AA0E1E53C50D00790B60 /* Project object */;
}
